
Microsoft Visual Studio Solution File, Format Version 12.00
Project("{FAE04EC0-301F-11D3-BF4B-00C04F79EFBC}") = "VismaMeeting", "VismaMeeting\VismaMeeting.csproj", "{D57DCBCA-2A1C-420F-9B33-4E49F80C791A}"
EndProject
Global
	GlobalSection(SolutionConfigurationPlatforms) = preSolution
		Debug|Any CPU = Debug|Any CPU
		Release|Any CPU = Release|Any CPU
	EndGlobalSection
	GlobalSection(ProjectConfigurationPlatforms) = postSolution
		{D57DCBCA-2A1C-420F-9B33-4E49F80C791A}.Debug|Any CPU.ActiveCfg = Debug|Any CPU
		{D57DCBCA-2A1C-420F-9B33-4E49F80C791A}.Debug|Any CPU.Build.0 = Debug|Any CPU
		{D57DCBCA-2A1C-420F-9B33-4E49F80C791A}.Release|Any CPU.ActiveCfg = Release|Any CPU
		{D57DCBCA-2A1C-420F-9B33-4E49F80C791A}.Release|Any CPU.Build.0 = Release|Any CPU
	EndGlobalSection
EndGlobal
